
Microsoft Visual Studio Solution File, Format Version 12.00
# Visual Studio Version 17
VisualStudioVersion = 17.13.35931.197 d17.13
MinimumVisualStudioVersion = 10.0.40219.1
Project("{FAE04EC0-301F-11D3-BF4B-00C04F79EFBC}") = "Presentation", "Presentation\Presentation.csproj", "{2A210F77-A4AE-4F3D-85C6-B4849CEA8217}"
EndProject
Global
	GlobalSection(SolutionConfigurationPlatforms) = preSolution
		Debug|Any CPU = Debug|Any CPU
		Release|Any CPU = Release|Any CPU
	EndGlobalSection
	GlobalSection(ProjectConfigurationPlatforms) = postSolution
		{2A210F77-A4AE-4F3D-85C6-B4849CEA8217}.Debug|Any CPU.ActiveCfg = Debug|Any CPU
		{2A210F77-A4AE-4F3D-85C6-B4849CEA8217}.Debug|Any CPU.Build.0 = Debug|Any CPU
		{2A210F77-A4AE-4F3D-85C6-B4849CEA8217}.Release|Any CPU.ActiveCfg = Release|Any CPU
		{2A210F77-A4AE-4F3D-85C6-B4849CEA8217}.Release|Any CPU.Build.0 = Release|Any CPU
	EndGlobalSection
	GlobalSection(SolutionProperties) = preSolution
		HideSolutionNode = FALSE
	EndGlobalSection
	GlobalSection(ExtensibilityGlobals) = postSolution
		SolutionGuid = {41955D19-DA28-4C79-A3DC-8128EB729829}
	EndGlobalSection
EndGlobal
